uuid: 818c6da1-2074-4aae-b026-70517e5fbc3c
langcode: en
status: true
dependencies:
  module:
    - configform
  theme:
    - bartik
id: articleblock
theme: bartik
region: sidebar_second
weight: 0
provider: null
plugin: article_block
settings:
  id: article_block
  label: 'Article block'
  provider: configform
  label_display: visible
visibility: {  }
